
Microsoft Visual Studio Solution File, Format Version 12.00
# Visual Studio Version 16
VisualStudioVersion = 16.0.31729.503
MinimumVisualStudioVersion = 10.0.40219.1
Project("{9A19103F-16F7-4668-BE54-9A1E7A4F7556}") = "XmlReader.FileWatcher", "XmlReader.FileWatcher\XmlReader.FileWatcher.csproj", "{CDD0899E-6DB1-4E46-9D35-0720632B8622}"
EndProject
Project("{FAE04EC0-301F-11D3-BF4B-00C04F79EFBC}") = "XmlReader.FileWatcher.Tests", "XmlReader.FileWatcher.Tests\XmlReader.FileWatcher.Tests.csproj", "{FBD977C1-1B5E-4FC7-89CF-CE628172243B}"
EndProject
Global
	GlobalSection(SolutionConfigurationPlatforms) = preSolution
		Debug|Any CPU = Debug|Any CPU
		Release|Any CPU = Release|Any CPU
	EndGlobalSection
	GlobalSection(ProjectConfigurationPlatforms) = postSolution
		{CDD0899E-6DB1-4E46-9D35-0720632B8622}.Debug|Any CPU.ActiveCfg = Debug|Any CPU
		{CDD0899E-6DB1-4E46-9D35-0720632B8622}.Debug|Any CPU.Build.0 = Debug|Any CPU
		{CDD0899E-6DB1-4E46-9D35-0720632B8622}.Release|Any CPU.ActiveCfg = Release|Any CPU
		{CDD0899E-6DB1-4E46-9D35-0720632B8622}.Release|Any CPU.Build.0 = Release|Any CPU
		{FBD977C1-1B5E-4FC7-89CF-CE628172243B}.Debug|Any CPU.ActiveCfg = Debug|Any CPU
		{FBD977C1-1B5E-4FC7-89CF-CE628172243B}.Debug|Any CPU.Build.0 = Debug|Any CPU
		{FBD977C1-1B5E-4FC7-89CF-CE628172243B}.Release|Any CPU.ActiveCfg = Release|Any CPU
		{FBD977C1-1B5E-4FC7-89CF-CE628172243B}.Release|Any CPU.Build.0 = Release|Any CPU
	EndGlobalSection
	GlobalSection(SolutionProperties) = preSolution
		HideSolutionNode = FALSE
	EndGlobalSection
	GlobalSection(ExtensibilityGlobals) = postSolution
		SolutionGuid = {57BB45C7-BCC8-45B7-8A89-68F3D86FFA31}
	EndGlobalSection
EndGlobal
